// !$*UTF8*$!
{
	archiveVersion = 1;
	classes = {
	};
	objectVersion = 46;
	objects = {

/* Begin PBXBuildFile section */
		8478BA991E1202BD00FFE9A4 /* AppDelegate.swift in Sources */ = {isa = PBXBuildFile; fileRef = 8478BA981E1202BD00FFE9A4 /* AppDelegate.swift */; };
		8478BA9B1E1202BD00FFE9A4 /* ViewController.swift in Sources */ = {isa = PBXBuildFile; fileRef = 8478BA9A1E1202BD00FFE9A4 /* ViewController.swift */; };
		8478BA9E1E1202BD00FFE9A4 /* Main.storyboard in Resources */ = {isa = PBXBuildFile; fileRef = 8478BA9C1E1202BD00FFE9A4 /* Main.storyboard */; };
		8478BAA01E1202BD00FFE9A4 /* Assets.xcassets in Resources */ = {isa = PBXBuildFile; fileRef = 8478BA9F1E1202BD00FFE9A4 /* Assets.xcassets */; };
		8478BAA31E1202BD00FFE9A4 /* LaunchScreen.storyboard in Resources */ = {isa = PBXBuildFile; fileRef = 8478BAA11E1202BD00FFE9A4 /* LaunchScreen.storyboard */; };
		8478BAAE1E1202BD00FFE9A4 /* test_001Tests.swift in Sources */ = {isa = PBXBuildFile; fileRef = 8478BAAD1E1202BD00FFE9A4 /* test_001Tests.swift */; };
		8478BAB91E1202BD00FFE9A4 /* test_001UITests.swift in Sources */ = {isa = PBXBuildFile; fileRef = 8478BAB81E1202BD00FFE9A4 /* test_001UITests.swift */; };
/* End PBXBuildFile section */

/* Begin PBXContainerItemProxy section */
		8478BAAA1E1202BD00FFE9A4 /* PBXContainerItemProxy */ = {
			isa = PBXContainerItemProxy;
			containerPortal = 8478BA8D1E1202BD00FFE9A4 /* Project object */;
			proxyType = 1;
			remoteGlobalIDString = 8478BA941E1202BD00FFE9A4;
			remoteInfo = "test-001";
		};
		8478BAB51E1202BD00FFE9A4 /* PBXContainerItemProxy */ = {
			isa = PBXContainerItemProxy;
			containerPortal = 8478BA8D1E1202BD00FFE9A4 /* Project object */;
			proxyType = 1;
			remoteGlobalIDString = 8478BA941E1202BD00FFE9A4;
			remoteInfo = "test-001";
		};
/* End PBXContainerItemProxy section */

/* Begin PBXFileReference section */
		8478BA951E1202BD00FFE9A4 /* test-001.app */ = {isa = PBXFileReference; explicitFileType = wrapper.application; includeInIndex = 0; path = "test-001.app"; sourceTree = BUILT_PRODUCTS_DIR; };
		8478BA981E1202BD00FFE9A4 /* AppDelegate.swift */ = {isa = PBXFileReference; lastKnownFileType = sourcecode.swift; path = AppDelegate.swift; sourceTree = "<group>"; };
		8478BA9A1E1202BD00FFE9A4 /* ViewController.swift */ = {isa = PBXFileReference; lastKnownFileType = sourcecode.swift; path = ViewController.swift; sourceTree = "<group>"; };
		8478BA9D1E1202BD00FFE9A4 /* Base */ = {isa = PBXFileReference; lastKnownFileType = file.storyboard; name = Base; path = Base.lproj/Main.storyboard; sourceTree = "<group>"; };
		8478BA9F1E1202BD00FFE9A4 /* Assets.xcassets */ = {isa = PBXFileReference; lastKnownFileType = folder.assetcatalog; path = Assets.xcassets; sourceTree = "<group>"; };
		8478BAA21E1202BD00FFE9A4 /* Base */ = {isa = PBXFileReference; lastKnownFileType = file.storyboard; name = Base; path = Base.lproj/LaunchScreen.storyboard; sourceTree = "<group>"; };
		8478BAA41E1202BD00FFE9A4 /* Info.plist */ = {isa = PBXFileReference; lastKnownFileType = text.plist.xml; path = Info.plist; sourceTree = "<group>"; };
		8478BAA91E1202BD00FFE9A4 /* test-001Tests.xctest */ = {isa = PBXFileReference; explicitFileType = wrapper.cfbundle; includeInIndex = 0; path = "test-001Tests.xctest"; sourceTree = BUILT_PRODUCTS_DIR; };
		8478BAAD1E1202BD00FFE9A4 /* test_001Tests.swift */ = {isa = PBXFileReference; lastKnownFileType = sourcecode.swift; path = test_001Tests.swift; sourceTree = "<group>"; };
		8478BAAF1E1202BD00FFE9A4 /* Info.plist */ = {isa = PBXFileReference; lastKnownFileType = text.plist.xml; path = Info.plist; sourceTree = "<group>"; };
		8478BAB41E1202BD00FFE9A4 /* test-001UITests.xctest */ = {isa = PBXFileReference; explicitFileType = wrapper.cfbundle; includeInIndex = 0; path = "test-001UITests.xctest"; sourceTree = BUILT_PRODUCTS_DIR; };
		8478BAB81E1202BD00FFE9A4 /* test_001UITests.swift */ = {isa = PBXFileReference; lastKnownFileType = sourcecode.swift; path = test_001UITests.swift; sourceTree = "<group>"; };
		8478BABA1E1202BD00FFE9A4 /* Info.plist */ = {isa = PBXFileReference; lastKnownFileType = text.plist.xml; path = Info.plist; sourceTree = "<group>"; };
/* End PBXFileReference section */

/* Begin PBXFrameworksBuildPhase section */
		8478BA921E1202BD00FFE9A4 /* Frameworks */ = {
			isa = PBXFrameworksBuildPhase;
			buildActionMask = 2147483647;
			files = (
			);
			runOnlyForDeploymentPostprocessing = 0;
		};
		8478BAA61E1202BD00FFE9A4 /* Frameworks */ = {
			isa = PBXFrameworksBuildPhase;
			buildActionMask = 2147483647;
			files = (
			);
			runOnlyForDeploymentPostprocessing = 0;
		};
		8478BAB11E1202BD00FFE9A4 /* Frameworks */ = {
			isa = PBXFrameworksBuildPhase;
			buildActionMask = 2147483647;
			files = (
			);
			runOnlyForDeploymentPostprocessing = 0;
		};
/* End PBXFrameworksBuildPhase section */

/* Begin PBXGroup section */
		8478BA8C1E1202BD00FFE9A4 = {
			isa = PBXGroup;
			children = (
				8478BA971E1202BD00FFE9A4 /* test-001 */,
				8478BAAC1E1202BD00FFE9A4 /* test-001Tests */,
				8478BAB71E1202BD00FFE9A4 /* test-001UITests */,
				8478BA961E1202BD00FFE9A4 /* Products */,
			);
			sourceTree = "<group>";
		};
		8478BA961E1202BD00FFE9A4 /* Products */ = {
			isa = PBXGroup;
			children = (
				8478BA951E1202BD00FFE9A4 /* test-001.app */,
				8478BAA91E1202BD00FFE9A4 /* test-001Tests.xctest */,
				8478BAB41E1202BD00FFE9A4 /* test-001UITests.xctest */,
			);
			name = Products;
			sourceTree = "<group>";
		};
		8478BA971E1202BD00FFE9A4 /* test-001 */ = {
			isa = PBXGroup;
			children = (
				8478BA981E1202BD00FFE9A4 /* AppDelegate.swift */,
				8478BA9A1E1202BD00FFE9A4 /* ViewController.swift */,
				8478BA9C1E1202BD00FFE9A4 /* Main.storyboard */,
				8478BA9F1E1202BD00FFE9A4 /* Assets.xcassets */,
				8478BAA11E1202BD00FFE9A4 /* LaunchScreen.storyboard */,
				8478BAA41E1202BD00FFE9A4 /* Info.plist */,
			);
			path = "test-001";
			sourceTree = "<group>";
		};
		8478BAAC1E1202BD00FFE9A4 /* test-001Tests */ = {
			isa = PBXGroup;
			children = (
				8478BAAD1E1202BD00FFE9A4 /* test_001Tests.swift */,
				8478BAAF1E1202BD00FFE9A4 /* Info.plist */,
			);
			path = "test-001Tests";
			sourceTree = "<group>";
		};
		8478BAB71E1202BD00FFE9A4 /* test-001UITests */ = {
			isa = PBXGroup;
			children = (
				8478BAB81E1202BD00FFE9A4 /* test_001UITests.swift */,
				8478BABA1E1202BD00FFE9A4 /* Info.plist */,
			);
			path = "test-001UITests";
			sourceTree = "<group>";
		};
/* End PBXGroup section */

/* Begin PBXNativeTarget section */
		8478BA941E1202BD00FFE9A4 /* test-001 */ = {
			isa = PBXNativeTarget;
			buildConfigurationList = 8478BABD1E1202BD00FFE9A4 /* Build configuration list for PBXNativeTarget "test-001" */;
			buildPhases = (
				8478BA911E1202BD00FFE9A4 /* Sources */,
				8478BA921E1202BD00FFE9A4 /* Frameworks */,
				8478BA931E1202BD00FFE9A4 /* Resources */,
			);
			buildRules = (
			);
			dependencies = (
			);
			name = "test-001";
			productName = "test-001";
			productReference = 8478BA951E1202BD00FFE9A4 /* test-001.app */;
			productType = "com.apple.product-type.application";
		};
		8478BAA81E1202BD00FFE9A4 /* test-001Tests */ = {
			isa = PBXNativeTarget;
			buildConfigurationList = 8478BAC01E1202BD00FFE9A4 /* Build configuration list for PBXNativeTarget "test-001Tests" */;
			buildPhases = (
				8478BAA51E1202BD00FFE9A4 /* Sources */,
				8478BAA61E1202BD00FFE9A4 /* Frameworks */,
				8478BAA71E1202BD00FFE9A4 /* Resources */,
			);
			buildRules = (
			);
			dependencies = (
				8478BAAB1E1202BD00FFE9A4 /* PBXTargetDependency */,
			);
			name = "test-001Tests";
			productName = "test-001Tests";
			productReference = 8478BAA91E1202BD00FFE9A4 /* test-001Tests.xctest */;
			productType = "com.apple.product-type.bundle.unit-test";
		};
		8478BAB31E1202BD00FFE9A4 /* test-001UITests */ = {
			isa = PBXNativeTarget;
			buildConfigurationList = 8478BAC31E1202BD00FFE9A4 /* Build configuration list for PBXNativeTarget "test-001UITests" */;
			buildPhases = (
				8478BAB01E1202BD00FFE9A4 /* Sources */,
				8478BAB11E1202BD00FFE9A4 /* Frameworks */,
				8478BAB21E1202BD00FFE9A4 /* Resources */,
			);
			buildRules = (
			);
			dependencies = (
				8478BAB61E1202BD00FFE9A4 /* PBXTargetDependency */,
			);
			name = "test-001UITests";
			productName = "test-001UITests";
			productReference = 8478BAB41E1202BD00FFE9A4 /* test-001UITests.xctest */;
			productType = "com.apple.product-type.bundle.ui-testing";
		};
/* End PBXNativeTarget section */

/* Begin PBXProject section */
		8478BA8D1E1202BD00FFE9A4 /* Project object */ = {
			isa = PBXProject;
			attributes = {
				LastSwiftUpdateCheck = 0820;
				LastUpgradeCheck = 0820;
				ORGANIZATIONNAME = test;
				TargetAttributes = {
					8478BA941E1202BD00FFE9A4 = {
						CreatedOnToolsVersion = 8.2.1;
						ProvisioningStyle = Automatic;
					};
					8478BAA81E1202BD00FFE9A4 = {
						CreatedOnToolsVersion = 8.2.1;
						ProvisioningStyle = Automatic;
						TestTargetID = 8478BA941E1202BD00FFE9A4;
					};
					8478BAB31E1202BD00FFE9A4 = {
						CreatedOnToolsVersion = 8.2.1;
						ProvisioningStyle = Automatic;
						TestTargetID = 8478BA941E1202BD00FFE9A4;
					};
				};
			};
			buildConfigurationList = 8478BA901E1202BD00FFE9A4 /* Build configuration list for PBXProject "test-001" */;
			compatibilityVersion = "Xcode 3.2";
			developmentRegion = English;
			hasScannedForEncodings = 0;
			knownRegions = (
				en,
				Base,
			);
			mainGroup = 8478BA8C1E1202BD00FFE9A4;
			productRefGroup = 8478BA961E1202BD00FFE9A4 /* Products */;
			projectDirPath = "";
			projectRoot = "";
			targets = (
				8478BA941E1202BD00FFE9A4 /* test-001 */,
				8478BAA81E1202BD00FFE9A4 /* test-001Tests */,
				8478BAB31E1202BD00FFE9A4 /* test-001UITests */,
			);
		};
/* End PBXProject section */

/* Begin PBXResourcesBuildPhase section */
		8478BA931E1202BD00FFE9A4 /* Resources */ = {
			isa = PBXResourcesBuildPhase;
			buildActionMask = 2147483647;
			files = (
				8478BAA31E1202BD00FFE9A4 /* LaunchScreen.storyboard in Resources */,
				8478BAA01E1202BD00FFE9A4 /* Assets.xcassets in Resources */,
				8478BA9E1E1202BD00FFE9A4 /* Main.storyboard in Resources */,
			);
			runOnlyForDeploymentPostprocessing = 0;
		};
		8478BAA71E1202BD00FFE9A4 /* Resources */ = {
			isa = PBXResourcesBuildPhase;
			buildActionMask = 2147483647;
			files = (
			);
			runOnlyForDeploymentPostprocessing = 0;
		};
		8478BAB21E1202BD00FFE9A4 /* Resources */ = {
			isa = PBXResourcesBuildPhase;
			buildActionMask = 2147483647;
			files = (
			);
			runOnlyForDeploymentPostprocessing = 0;
		};
/* End PBXResourcesBuildPhase section */

/* Begin PBXSourcesBuildPhase section */
		8478BA911E1202BD00FFE9A4 /* Sources */ = {
			isa = PBXSourcesBuildPhase;
			buildActionMask = 2147483647;
			files = (
				8478BA9B1E1202BD00FFE9A4 /* ViewController.swift in Sources */,
				8478BA991E1202BD00FFE9A4 /* AppDelegate.swift in Sources */,
			);
			runOnlyForDeploymentPostprocessing = 0;
		};
		8478BAA51E1202BD00FFE9A4 /* Sources */ = {
			isa = PBXSourcesBuildPhase;
			buildActionMask = 2147483647;
			files = (
				8478BAAE1E1202BD00FFE9A4 /* test_001Tests.swift in Sources */,
			);
			runOnlyForDeploymentPostprocessing = 0;
		};
		8478BAB01E1202BD00FFE9A4 /* Sources */ = {
			isa = PBXSourcesBuildPhase;
			buildActionMask = 2147483647;
			files = (
				8478BAB91E1202BD00FFE9A4 /* test_001UITests.swift in Sources */,
			);
			runOnlyForDeploymentPostprocessing = 0;
		};
/* End PBXSourcesBuildPhase section */

/* Begin PBXTargetDependency section */
		8478BAAB1E1202BD00FFE9A4 /* PBXTargetDependency */ = {
			isa = PBXTargetDependency;
			target = 8478BA941E1202BD00FFE9A4 /* test-001 */;
			targetProxy = 8478BAAA1E1202BD00FFE9A4 /* PBXContainerItemProxy */;
		};
		8478BAB61E1202BD00FFE9A4 /* PBXTargetDependency */ = {
			isa = PBXTargetDependency;
			target = 8478BA941E1202BD00FFE9A4 /* test-001 */;
			targetProxy = 8478BAB51E1202BD00FFE9A4 /* PBXContainerItemProxy */;
		};
/* End PBXTargetDependency section */

/* Begin PBXVariantGroup section */
		8478BA9C1E1202BD00FFE9A4 /* Main.storyboard */ = {
			isa = PBXVariantGroup;
			children = (
				8478BA9D1E1202BD00FFE9A4 /* Base */,
			);
			name = Main.storyboard;
			sourceTree = "<group>";
		};
		8478BAA11E1202BD00FFE9A4 /* LaunchScreen.storyboard */ = {
			isa = PBXVariantGroup;
			children = (
				8478BAA21E1202BD00FFE9A4 /* Base */,
			);
			name = LaunchScreen.storyboard;
			sourceTree = "<group>";
		};
/* End PBXVariantGroup section */

/* Begin XCBuildConfiguration section */
		8478BABB1E1202BD00FFE9A4 /* Debug */ = {
			isa = XCBuildConfiguration;
			buildSettings = {
				ALWAYS_SEARCH_USER_PATHS = NO;
				CLANG_ANALYZER_NONNULL = YES;
				CLANG_CXX_LANGUAGE_STANDARD = "gnu++0x";
				CLANG_CXX_LIBRARY = "libc++";
				CLANG_ENABLE_MODULES = YES;
				CLANG_ENABLE_OBJC_ARC = YES;
				CLANG_WARN_BOOL_CONVERSION = YES;
				CLANG_WARN_CONSTANT_CONVERSION = YES;
				CLANG_WARN_DIRECT_OBJC_ISA_USAGE = YES_ERROR;
				CLANG_WARN_DOCUMENTATION_COMMENTS = YES;
				CLANG_WARN_EMPTY_BODY = YES;
				CLANG_WARN_ENUM_CONVERSION = YES;
				CLANG_WARN_INFINITE_RECURSION = YES;
				CLANG_WARN_INT_CONVERSION = YES;
				CLANG_WARN_OBJC_ROOT_CLASS = YES_ERROR;
				CLANG_WARN_SUSPICIOUS_MOVE = YES;
				CLANG_WARN_UNREACHABLE_CODE = YES;
				CLANG_WARN__DUPLICATE_METHOD_MATCH = YES;
				"CODE_SIGN_IDENTITY[sdk=iphoneos*]" = "iPhone Developer";
				COPY_PHASE_STRIP = NO;
				DEBUG_INFORMATION_FORMAT = dwarf;
				ENABLE_STRICT_OBJC_MSGSEND = YES;
				ENABLE_TESTABILITY = YES;
				GCC_C_LANGUAGE_STANDARD = gnu99;
				GCC_DYNAMIC_NO_PIC = NO;
				GCC_NO_COMMON_BLOCKS = YES;
				GCC_OPTIMIZATION_LEVEL = 0;
				GCC_PREPROCESSOR_DEFINITIONS = (
					"DEBUG=1",
					"$(inherited)",
				);
				GCC_WARN_64_TO_32_BIT_CONVERSION = YES;
				GCC_WARN_ABOUT_RETURN_TYPE = YES_ERROR;
				GCC_WARN_UNDECLARED_SELECTOR = YES;
				GCC_WARN_UNINITIALIZED_AUTOS = YES_AGGRESSIVE;
				GCC_WARN_UNUSED_FUNCTION = YES;
				GCC_WARN_UNUSED_VARIABLE = YES;
				IPHONEOS_DEPLOYMENT_TARGET = 10.2;
				MTL_ENABLE_DEBUG_INFO = YES;
				ONLY_ACTIVE_ARCH = YES;
				SDKROOT = iphoneos;
				SWIFT_ACTIVE_COMPILATION_CONDITIONS = DEBUG;
				SWIFT_OPTIMIZATION_LEVEL = "-Onone";
			};
			name = Debug;
		};
		8478BABC1E1202BD00FFE9A4 /* Release */ = {
			isa = XCBuildConfiguration;
			buildSettings = {
				ALWAYS_SEARCH_USER_PATHS = NO;
				CLANG_ANALYZER_NONNULL = YES;
				CLANG_CXX_LANGUAGE_STANDARD = "gnu++0x";
				CLANG_CXX_LIBRARY = "libc++";
				CLANG_ENABLE_MODULES = YES;
				CLANG_ENABLE_OBJC_ARC = YES;
				CLANG_WARN_BOOL_CONVERSION = YES;
				CLANG_WARN_CONSTANT_CONVERSION = YES;
				CLANG_WARN_DIRECT_OBJC_ISA_USAGE = YES_ERROR;
				CLANG_WARN_DOCUMENTATION_COMMENTS = YES;
				CLANG_WARN_EMPTY_BODY = YES;
				CLANG_WARN_ENUM_CONVERSION = YES;
				CLANG_WARN_INFINITE_RECURSION = YES;
				CLANG_WARN_INT_CONVERSION = YES;
				CLANG_WARN_OBJC_ROOT_CLASS = YES_ERROR;
				CLANG_WARN_SUSPICIOUS_MOVE = YES;
				CLANG_WARN_UNREACHABLE_CODE = YES;
				CLANG_WARN__DUPLICATE_METHOD_MATCH = YES;
				"CODE_SIGN_IDENTITY[sdk=iphoneos*]" = "iPhone Developer";
				COPY_PHASE_STRIP = NO;
				DEBUG_INFORMATION_FORMAT = "dwarf-with-dsym";
				ENABLE_NS_ASSERTIONS = NO;
				ENABLE_STRICT_OBJC_MSGSEND = YES;
				GCC_C_LANGUAGE_STANDARD = gnu99;
				GCC_NO_COMMON_BLOCKS = YES;
				GCC_WARN_64_TO_32_BIT_CONVERSION = YES;
				GCC_WARN_ABOUT_RETURN_TYPE = YES_ERROR;
				GCC_WARN_UNDECLARED_SELECTOR = YES;
				GCC_WARN_UNINITIALIZED_AUTOS = YES_AGGRESSIVE;
				GCC_WARN_UNUSED_FUNCTION = YES;
				GCC_WARN_UNUSED_VARIABLE = YES;
				IPHONEOS_DEPLOYMENT_TARGET = 10.2;
				MTL_ENABLE_DEBUG_INFO = NO;
				SDKROOT = iphoneos;
				SWIFT_OPTIMIZATION_LEVEL = "-Owholemodule";
				VALIDATE_PRODUCT = YES;
			};
			name = Release;
		};
		8478BABE1E1202BD00FFE9A4 /* Debug */ = {
			isa = XCBuildConfiguration;
			buildSettings = {
				ASSETCATALOG_COMPILER_APPICON_NAME = AppIcon;
				INFOPLIST_FILE = "test-001/Info.plist";
				LD_RUNPATH_SEARCH_PATHS = "$(inherited) @executable_path/Frameworks";
				PRODUCT_BUNDLE_IDENTIFIER = "com.test.test-001";
				PRODUCT_NAME = "$(TARGET_NAME)";
				SWIFT_VERSION = 3.0;
			};
			name = Debug;
		};
		8478BABF1E1202BD00FFE9A4 /* Release */ = {
			isa = XCBuildConfiguration;
			buildSettings = {
				ASSETCATALOG_COMPILER_APPICON_NAME = AppIcon;
				INFOPLIST_FILE = "test-001/Info.plist";
				LD_RUNPATH_SEARCH_PATHS = "$(inherited) @executable_path/Frameworks";
				PRODUCT_BUNDLE_IDENTIFIER = "com.test.test-001";
				PRODUCT_NAME = "$(TARGET_NAME)";
				SWIFT_VERSION = 3.0;
			};
			name = Release;
		};
		8478BAC11E1202BD00FFE9A4 /* Debug */ = {
			isa = XCBuildConfiguration;
			buildSettings = {
				ALWAYS_EMBED_SWIFT_STANDARD_LIBRARIES = YES;
				BUNDLE_LOADER = "$(TEST_HOST)";
				INFOPLIST_FILE = "test-001Tests/Info.plist";
				LD_RUNPATH_SEARCH_PATHS = "$(inherited) @executable_path/Frameworks @loader_path/Frameworks";
				PRODUCT_BUNDLE_IDENTIFIER = "com.test.test-001Tests";
				PRODUCT_NAME = "$(TARGET_NAME)";
				SWIFT_VERSION = 3.0;
				TEST_HOST = "$(BUILT_PRODUCTS_DIR)/test-001.app/test-001";
			};
			name = Debug;
		};
		8478BAC21E1202BD00FFE9A4 /* Release */ = {
			isa = XCBuildConfiguration;
			buildSettings = {
				ALWAYS_EMBED_SWIFT_STANDARD_LIBRARIES = YES;
				BUNDLE_LOADER = "$(TEST_HOST)";
				INFOPLIST_FILE = "test-001Tests/Info.plist";
				LD_RUNPATH_SEARCH_PATHS = "$(inherited) @executable_path/Frameworks @loader_path/Frameworks";
				PRODUCT_BUNDLE_IDENTIFIER = "com.test.test-001Tests";
				PRODUCT_NAME = "$(TARGET_NAME)";
				SWIFT_VERSION = 3.0;
				TEST_HOST = "$(BUILT_PRODUCTS_DIR)/test-001.app/test-001";
			};
			name = Release;
		};
		8478BAC41E1202BD00FFE9A4 /* Debug */ = {
			isa = XCBuildConfiguration;
			buildSettings = {
				ALWAYS_EMBED_SWIFT_STANDARD_LIBRARIES = YES;
				INFOPLIST_FILE = "test-001UITests/Info.plist";
				LD_RUNPATH_SEARCH_PATHS = "$(inherited) @executable_path/Frameworks @loader_path/Frameworks";
				PRODUCT_BUNDLE_IDENTIFIER = "com.test.test-001UITests";
				PRODUCT_NAME = "$(TARGET_NAME)";
				SWIFT_VERSION = 3.0;
				TEST_TARGET_NAME = "test-001";
			};
			name = Debug;
		};
		8478BAC51E1202BD00FFE9A4 /* Release */ = {
			isa = XCBuildConfiguration;
			buildSettings = {
				ALWAYS_EMBED_SWIFT_STANDARD_LIBRARIES = YES;
				INFOPLIST_FILE = "test-001UITests/Info.plist";
				LD_RUNPATH_SEARCH_PATHS = "$(inherited) @executable_path/Frameworks @loader_path/Frameworks";
				PRODUCT_BUNDLE_IDENTIFIER = "com.test.test-001UITests";
				PRODUCT_NAME = "$(TARGET_NAME)";
				SWIFT_VERSION = 3.0;
				TEST_TARGET_NAME = "test-001";
			};
			name = Release;
		};
/* End XCBuildConfiguration section */

/* Begin XCConfigurationList section */
		8478BA901E1202BD00FFE9A4 /* Build configuration list for PBXProject "test-001" */ = {
			isa = XCConfigurationList;
			buildConfigurations = (
				8478BABB1E1202BD00FFE9A4 /* Debug */,
				8478BABC1E1202BD00FFE9A4 /* Release */,
			);
			defaultConfigurationIsVisible = 0;
			defaultConfigurationName = Release;
		};
		8478BABD1E1202BD00FFE9A4 /* Build configuration list for PBXNativeTarget "test-001" */ = {
			isa = XCConfigurationList;
			buildConfigurations = (
				8478BABE1E1202BD00FFE9A4 /* Debug */,
				8478BABF1E1202BD00FFE9A4 /* Release */,
			);
			defaultConfigurationIsVisible = 0;
		};
		8478BAC01E1202BD00FFE9A4 /* Build configuration list for PBXNativeTarget "test-001Tests" */ = {
			isa = XCConfigurationList;
			buildConfigurations = (
				8478BAC11E1202BD00FFE9A4 /* Debug */,
				8478BAC21E1202BD00FFE9A4 /* Release */,
			);
			defaultConfigurationIsVisible = 0;
		};
		8478BAC31E1202BD00FFE9A4 /* Build configuration list for PBXNativeTarget "test-001UITests" */ = {
			isa = XCConfigurationList;
			buildConfigurations = (
				8478BAC41E1202BD00FFE9A4 /* Debug */,
				8478BAC51E1202BD00FFE9A4 /* Release */,
			);
			defaultConfigurationIsVisible = 0;
		};
/* End XCConfigurationList section */
	};
	rootObject = 8478BA8D1E1202BD00FFE9A4 /* Project object */;
}
